
Microsoft Visual Studio Solution File, Format Version 12.00
# Visual Studio 14
VisualStudioVersion = 14.0.25420.1
MinimumVisualStudioVersion = 10.0.40219.1
Project("{00D1A9C2-B5F0-4AF3-8072-F6C62B433612}") = "ContactManager.Database", "ContactManager.Database\ContactManager.Database.sqlproj", "{A15E9863-D5C3-4767-A95E-0386B628C430}"
EndProject
Global
	GlobalSection(SolutionConfigurationPlatforms) = preSolution
		Debug|Any CPU = Debug|Any CPU
		Release|Any CPU = Release|Any CPU
	EndGlobalSection
	GlobalSection(ProjectConfigurationPlatforms) = postSolution
		{A15E9863-D5C3-4767-A95E-0386B628C430}.Debug|Any CPU.ActiveCfg = Debug|Any CPU
		{A15E9863-D5C3-4767-A95E-0386B628C430}.Debug|Any CPU.Build.0 = Debug|Any CPU
		{A15E9863-D5C3-4767-A95E-0386B628C430}.Debug|Any CPU.Deploy.0 = Debug|Any CPU
		{A15E9863-D5C3-4767-A95E-0386B628C430}.Release|Any CPU.ActiveCfg = Release|Any CPU
		{A15E9863-D5C3-4767-A95E-0386B628C430}.Release|Any CPU.Build.0 = Release|Any CPU
		{A15E9863-D5C3-4767-A95E-0386B628C430}.Release|Any CPU.Deploy.0 = Release|Any CPU
	EndGlobalSection
	GlobalSection(SolutionProperties) = preSolution
		HideSolutionNode = FALSE
	EndGlobalSection
EndGlobal
